
Microsoft Visual Studio Solution File, Format Version 12.00
# Visual Studio Version 17
VisualStudioVersion = 17.4.33110.190
MinimumVisualStudioVersion = 10.0.40219.1
Project("{FAE04EC0-301F-11D3-BF4B-00C04F79EFBC}") = "Project1", "Project1\Project1.csproj", "{9AA1066A-4365-4D4C-B293-DFAA9638B99D}"
EndProject
Global
	GlobalSection(SolutionConfigurationPlatforms) = preSolution
		Debug|Any CPU = Debug|Any CPU
		Release|Any CPU = Release|Any CPU
	EndGlobalSection
	GlobalSection(ProjectConfigurationPlatforms) = postSolution
		{9AA1066A-4365-4D4C-B293-DFAA9638B99D}.Debug|Any CPU.ActiveCfg = Debug|Any CPU
		{9AA1066A-4365-4D4C-B293-DFAA9638B99D}.Debug|Any CPU.Build.0 = Debug|Any CPU
		{9AA1066A-4365-4D4C-B293-DFAA9638B99D}.Release|Any CPU.ActiveCfg = Release|Any CPU
		{9AA1066A-4365-4D4C-B293-DFAA9638B99D}.Release|Any CPU.Build.0 = Release|Any CPU
	EndGlobalSection
	GlobalSection(SolutionProperties) = preSolution
		HideSolutionNode = FALSE
	EndGlobalSection
	GlobalSection(ExtensibilityGlobals) = postSolution
		SolutionGuid = {4605807B-14F6-4CAB-8FBF-1618BA97D7E4}
	EndGlobalSection
EndGlobal
